
Microsoft Visual Studio Solution File, Format Version 12.00
# Visual Studio Version 16
VisualStudioVersion = 16.0.810.17
MinimumVisualStudioVersion = 10.0.40219.1
Project("{FAE04EC0-301F-11D3-BF4B-00C04F79EFBC}") = "BeautifulButtonsXamarin.Android", "BeautifulButtonsXamarin.Android\BeautifulButtonsXamarin.Android.csproj", "{87BE776E-79F6-4AF9-B1EB-9526EEEF7021}"
EndProject
Project("{FAE04EC0-301F-11D3-BF4B-00C04F79EFBC}") = "BeautifulButtonsXamarin.iOS", "BeautifulButtonsXamarin.iOS\BeautifulButtonsXamarin.iOS.csproj", "{C48918DE-6EF3-46F0-934D-372ED1AD1B8F}"
EndProject
Project("{FAE04EC0-301F-11D3-BF4B-00C04F79EFBC}") = "BeautifulButtonsXamarin", "BeautifulButtonsXamarin\BeautifulButtonsXamarin.csproj", "{9B430B22-FCCF-4952-A945-EFD42168217C}"
EndProject
Global
	GlobalSection(SolutionConfigurationPlatforms) = preSolution
		Debug|Any CPU = Debug|Any CPU
		Release|Any CPU = Release|Any CPU
		Debug|iPhoneSimulator = Debug|iPhoneSimulator
		Release|iPhoneSimulator = Release|iPhoneSimulator
		Debug|iPhone = Debug|iPhone
		Release|iPhone = Release|iPhone
	EndGlobalSection
	GlobalSection(ProjectConfigurationPlatforms) = postSolution
		{87BE776E-79F6-4AF9-B1EB-9526EEEF7021}.Debug|Any CPU.ActiveCfg = Debug|Any CPU
		{87BE776E-79F6-4AF9-B1EB-9526EEEF7021}.Debug|Any CPU.Build.0 = Debug|Any CPU
		{87BE776E-79F6-4AF9-B1EB-9526EEEF7021}.Release|Any CPU.ActiveCfg = Release|Any CPU
		{87BE776E-79F6-4AF9-B1EB-9526EEEF7021}.Release|Any CPU.Build.0 = Release|Any CPU
		{87BE776E-79F6-4AF9-B1EB-9526EEEF7021}.Debug|iPhoneSimulator.ActiveCfg = Debug|Any CPU
		{87BE776E-79F6-4AF9-B1EB-9526EEEF7021}.Debug|iPhoneSimulator.Build.0 = Debug|Any CPU
		{87BE776E-79F6-4AF9-B1EB-9526EEEF7021}.Release|iPhoneSimulator.ActiveCfg = Release|Any CPU
		{87BE776E-79F6-4AF9-B1EB-9526EEEF7021}.Release|iPhoneSimulator.Build.0 = Release|Any CPU
		{87BE776E-79F6-4AF9-B1EB-9526EEEF7021}.Debug|iPhone.ActiveCfg = Debug|Any CPU
		{87BE776E-79F6-4AF9-B1EB-9526EEEF7021}.Debug|iPhone.Build.0 = Debug|Any CPU
		{87BE776E-79F6-4AF9-B1EB-9526EEEF7021}.Release|iPhone.ActiveCfg = Release|Any CPU
		{87BE776E-79F6-4AF9-B1EB-9526EEEF7021}.Release|iPhone.Build.0 = Release|Any CPU
		{C48918DE-6EF3-46F0-934D-372ED1AD1B8F}.Debug|Any CPU.ActiveCfg = Debug|iPhoneSimulator
		{C48918DE-6EF3-46F0-934D-372ED1AD1B8F}.Debug|Any CPU.Build.0 = Debug|iPhoneSimulator
		{C48918DE-6EF3-46F0-934D-372ED1AD1B8F}.Release|Any CPU.ActiveCfg = Release|iPhoneSimulator
		{C48918DE-6EF3-46F0-934D-372ED1AD1B8F}.Release|Any CPU.Build.0 = Release|iPhoneSimulator
		{C48918DE-6EF3-46F0-934D-372ED1AD1B8F}.Debug|iPhoneSimulator.ActiveCfg = Debug|iPhoneSimulator
		{C48918DE-6EF3-46F0-934D-372ED1AD1B8F}.Debug|iPhoneSimulator.Build.0 = Debug|iPhoneSimulator
		{C48918DE-6EF3-46F0-934D-372ED1AD1B8F}.Release|iPhoneSimulator.ActiveCfg = Release|iPhoneSimulator
		{C48918DE-6EF3-46F0-934D-372ED1AD1B8F}.Release|iPhoneSimulator.Build.0 = Release|iPhoneSimulator
		{C48918DE-6EF3-46F0-934D-372ED1AD1B8F}.Debug|iPhone.ActiveCfg = Debug|iPhone
		{C48918DE-6EF3-46F0-934D-372ED1AD1B8F}.Debug|iPhone.Build.0 = Debug|iPhone
		{C48918DE-6EF3-46F0-934D-372ED1AD1B8F}.Release|iPhone.ActiveCfg = Release|iPhone
		{C48918DE-6EF3-46F0-934D-372ED1AD1B8F}.Release|iPhone.Build.0 = Release|iPhone
		{9B430B22-FCCF-4952-A945-EFD42168217C}.Debug|Any CPU.ActiveCfg = Debug|Any CPU
		{9B430B22-FCCF-4952-A945-EFD42168217C}.Debug|Any CPU.Build.0 = Debug|Any CPU
		{9B430B22-FCCF-4952-A945-EFD42168217C}.Release|Any CPU.ActiveCfg = Release|Any CPU
		{9B430B22-FCCF-4952-A945-EFD42168217C}.Release|Any CPU.Build.0 = Release|Any CPU
		{9B430B22-FCCF-4952-A945-EFD42168217C}.Debug|iPhoneSimulator.ActiveCfg = Debug|Any CPU
		{9B430B22-FCCF-4952-A945-EFD42168217C}.Debug|iPhoneSimulator.Build.0 = Debug|Any CPU
		{9B430B22-FCCF-4952-A945-EFD42168217C}.Release|iPhoneSimulator.ActiveCfg = Release|Any CPU
		{9B430B22-FCCF-4952-A945-EFD42168217C}.Release|iPhoneSimulator.Build.0 = Release|Any CPU
		{9B430B22-FCCF-4952-A945-EFD42168217C}.Debug|iPhone.ActiveCfg = Debug|Any CPU
		{9B430B22-FCCF-4952-A945-EFD42168217C}.Debug|iPhone.Build.0 = Debug|Any CPU
		{9B430B22-FCCF-4952-A945-EFD42168217C}.Release|iPhone.ActiveCfg = Release|Any CPU
		{9B430B22-FCCF-4952-A945-EFD42168217C}.Release|iPhone.Build.0 = Release|Any CPU
	EndGlobalSection
	GlobalSection(SolutionProperties) = preSolution
		HideSolutionNode = FALSE
	EndGlobalSection
	GlobalSection(ExtensibilityGlobals) = postSolution
		SolutionGuid = {A9CAA497-6211-4FE6-A6E1-1B5DD045F9F5}
	EndGlobalSection
EndGlobal
